attrs==20.3.0
certifi==2020.11.8
chardet==3.0.4
idna==2.10
iniconfig==1.1.1
msgpack-python==0.5.6
numpy==1.19.4
packaging==20.7
pandas==1.1.4
pluggy==0.13.1
prometheus-client==0.9.0
py==1.9.0
pymarketstore==0.17
pyparsing==2.4.7
pytest==6.1.2
python-dateutil==2.8.1
pytz==2020.4
requests==2.25.0
six==1.15.0
toml==0.10.2
toolz==0.11.1
trading-calendars==2.0.0
urllib3==1.26.2
websocket-client==0.57.0
